
Microsoft Visual Studio Solution File, Format Version 12.00
# Visual Studio Version 17
VisualStudioVersion = 17.0.31903.59
MinimumVisualStudioVersion = 10.0.40219.1
Project("{FAE04EC0-301F-11D3-BF4B-00C04F79EFBC}") = "ProServi.Api", "ProServi.Api\ProServi.Api.csproj", "{9A9DE7E1-CE9E-4EFB-9746-94559BF1B3B9}"
EndProject
Project("{FAE04EC0-301F-11D3-BF4B-00C04F79EFBC}") = "ProServi.Application", "ProServi.Application\ProServi.Application.csproj", "{71CA63D3-D22C-4B08-9453-5718F439627F}"
EndProject
Project("{FAE04EC0-301F-11D3-BF4B-00C04F79EFBC}") = "ProServi.Domain", "ProServi.Domain\ProServi.Domain.csproj", "{8C114E46-B855-455A-BBA0-C7122D76AD83}"
EndProject
Project("{FAE04EC0-301F-11D3-BF4B-00C04F79EFBC}") = "ProServi.Infrastructure", "ProServi.Infrastructure\ProServi.Infrastructure.csproj", "{F4A7935A-0859-4E5F-BD09-97384676EA23}"
EndProject
Global
	GlobalSection(SolutionConfigurationPlatforms) = preSolution
		Debug|Any CPU = Debug|Any CPU
		Debug|x64 = Debug|x64
		Debug|x86 = Debug|x86
		Release|Any CPU = Release|Any CPU
		Release|x64 = Release|x64
		Release|x86 = Release|x86
	EndGlobalSection
	GlobalSection(ProjectConfigurationPlatforms) = postSolution
		{9A9DE7E1-CE9E-4EFB-9746-94559BF1B3B9}.Debug|Any CPU.ActiveCfg = Debug|Any CPU
		{9A9DE7E1-CE9E-4EFB-9746-94559BF1B3B9}.Debug|Any CPU.Build.0 = Debug|Any CPU
		{9A9DE7E1-CE9E-4EFB-9746-94559BF1B3B9}.Debug|x64.ActiveCfg = Debug|Any CPU
		{9A9DE7E1-CE9E-4EFB-9746-94559BF1B3B9}.Debug|x64.Build.0 = Debug|Any CPU
		{9A9DE7E1-CE9E-4EFB-9746-94559BF1B3B9}.Debug|x86.ActiveCfg = Debug|Any CPU
		{9A9DE7E1-CE9E-4EFB-9746-94559BF1B3B9}.Debug|x86.Build.0 = Debug|Any CPU
		{9A9DE7E1-CE9E-4EFB-9746-94559BF1B3B9}.Release|Any CPU.ActiveCfg = Release|Any CPU
		{9A9DE7E1-CE9E-4EFB-9746-94559BF1B3B9}.Release|Any CPU.Build.0 = Release|Any CPU
		{9A9DE7E1-CE9E-4EFB-9746-94559BF1B3B9}.Release|x64.ActiveCfg = Release|Any CPU
		{9A9DE7E1-CE9E-4EFB-9746-94559BF1B3B9}.Release|x64.Build.0 = Release|Any CPU
		{9A9DE7E1-CE9E-4EFB-9746-94559BF1B3B9}.Release|x86.ActiveCfg = Release|Any CPU
		{9A9DE7E1-CE9E-4EFB-9746-94559BF1B3B9}.Release|x86.Build.0 = Release|Any CPU
		{71CA63D3-D22C-4B08-9453-5718F439627F}.Debug|Any CPU.ActiveCfg = Debug|Any CPU
		{71CA63D3-D22C-4B08-9453-5718F439627F}.Debug|Any CPU.Build.0 = Debug|Any CPU
		{71CA63D3-D22C-4B08-9453-5718F439627F}.Debug|x64.ActiveCfg = Debug|Any CPU
		{71CA63D3-D22C-4B08-9453-5718F439627F}.Debug|x64.Build.0 = Debug|Any CPU
		{71CA63D3-D22C-4B08-9453-5718F439627F}.Debug|x86.ActiveCfg = Debug|Any CPU
		{71CA63D3-D22C-4B08-9453-5718F439627F}.Debug|x86.Build.0 = Debug|Any CPU
		{71CA63D3-D22C-4B08-9453-5718F439627F}.Release|Any CPU.ActiveCfg = Release|Any CPU
		{71CA63D3-D22C-4B08-9453-5718F439627F}.Release|Any CPU.Build.0 = Release|Any CPU
		{71CA63D3-D22C-4B08-9453-5718F439627F}.Release|x64.ActiveCfg = Release|Any CPU
		{71CA63D3-D22C-4B08-9453-5718F439627F}.Release|x64.Build.0 = Release|Any CPU
		{71CA63D3-D22C-4B08-9453-5718F439627F}.Release|x86.ActiveCfg = Release|Any CPU
		{71CA63D3-D22C-4B08-9453-5718F439627F}.Release|x86.Build.0 = Release|Any CPU
		{8C114E46-B855-455A-BBA0-C7122D76AD83}.Debug|Any CPU.ActiveCfg = Debug|Any CPU
		{8C114E46-B855-455A-BBA0-C7122D76AD83}.Debug|Any CPU.Build.0 = Debug|Any CPU
		{8C114E46-B855-455A-BBA0-C7122D76AD83}.Debug|x64.ActiveCfg = Debug|Any CPU
		{8C114E46-B855-455A-BBA0-C7122D76AD83}.Debug|x64.Build.0 = Debug|Any CPU
		{8C114E46-B855-455A-BBA0-C7122D76AD83}.Debug|x86.ActiveCfg = Debug|Any CPU
		{8C114E46-B855-455A-BBA0-C7122D76AD83}.Debug|x86.Build.0 = Debug|Any CPU
		{8C114E46-B855-455A-BBA0-C7122D76AD83}.Release|Any CPU.ActiveCfg = Release|Any CPU
		{8C114E46-B855-455A-BBA0-C7122D76AD83}.Release|Any CPU.Build.0 = Release|Any CPU
		{8C114E46-B855-455A-BBA0-C7122D76AD83}.Release|x64.ActiveCfg = Release|Any CPU
		{8C114E46-B855-455A-BBA0-C7122D76AD83}.Release|x64.Build.0 = Release|Any CPU
		{8C114E46-B855-455A-BBA0-C7122D76AD83}.Release|x86.ActiveCfg = Release|Any CPU
		{8C114E46-B855-455A-BBA0-C7122D76AD83}.Release|x86.Build.0 = Release|Any CPU
		{F4A7935A-0859-4E5F-BD09-97384676EA23}.Debug|Any CPU.ActiveCfg = Debug|Any CPU
		{F4A7935A-0859-4E5F-BD09-97384676EA23}.Debug|Any CPU.Build.0 = Debug|Any CPU
		{F4A7935A-0859-4E5F-BD09-97384676EA23}.Debug|x64.ActiveCfg = Debug|Any CPU
		{F4A7935A-0859-4E5F-BD09-97384676EA23}.Debug|x64.Build.0 = Debug|Any CPU
		{F4A7935A-0859-4E5F-BD09-97384676EA23}.Debug|x86.ActiveCfg = Debug|Any CPU
		{F4A7935A-0859-4E5F-BD09-97384676EA23}.Debug|x86.Build.0 = Debug|Any CPU
		{F4A7935A-0859-4E5F-BD09-97384676EA23}.Release|Any CPU.ActiveCfg = Release|Any CPU
		{F4A7935A-0859-4E5F-BD09-97384676EA23}.Release|Any CPU.Build.0 = Release|Any CPU
		{F4A7935A-0859-4E5F-BD09-97384676EA23}.Release|x64.ActiveCfg = Release|Any CPU
		{F4A7935A-0859-4E5F-BD09-97384676EA23}.Release|x64.Build.0 = Release|Any CPU
		{F4A7935A-0859-4E5F-BD09-97384676EA23}.Release|x86.ActiveCfg = Release|Any CPU
		{F4A7935A-0859-4E5F-BD09-97384676EA23}.Release|x86.Build.0 = Release|Any CPU
	EndGlobalSection
	GlobalSection(SolutionProperties) = preSolution
		HideSolutionNode = FALSE
	EndGlobalSection
EndGlobal
